
Microsoft Visual Studio Solution File, Format Version 12.00
# Visual Studio Version 17
VisualStudioVersion = 17.9.34728.123
MinimumVisualStudioVersion = 10.0.40219.1
Project("{FAE04EC0-301F-11D3-BF4B-00C04F79EFBC}") = "AutoOrder", "AutoOrder\AutoOrder.csproj", "{7E9FA7CF-95A0-4692-840E-F750C4A17133}"
EndProject
Global
	GlobalSection(SolutionConfigurationPlatforms) = preSolution
		Debug|Any CPU = Debug|Any CPU
		Release|Any CPU = Release|Any CPU
	EndGlobalSection
	GlobalSection(ProjectConfigurationPlatforms) = postSolution
		{7E9FA7CF-95A0-4692-840E-F750C4A17133}.Debug|Any CPU.ActiveCfg = Debug|Any CPU
		{7E9FA7CF-95A0-4692-840E-F750C4A17133}.Debug|Any CPU.Build.0 = Debug|Any CPU
		{7E9FA7CF-95A0-4692-840E-F750C4A17133}.Release|Any CPU.ActiveCfg = Release|Any CPU
		{7E9FA7CF-95A0-4692-840E-F750C4A17133}.Release|Any CPU.Build.0 = Release|Any CPU
	EndGlobalSection
	GlobalSection(SolutionProperties) = preSolution
		HideSolutionNode = FALSE
	EndGlobalSection
	GlobalSection(ExtensibilityGlobals) = postSolution
		SolutionGuid = {BB1A20E1-CE28-48FF-9D1F-F4557C5276C9}
	EndGlobalSection
EndGlobal
